// !$*UTF8*$!
{
	archiveVersion = 1;
	classes = {
	};
	objectVersion = 46;
	objects = {

/* Begin PBXBuildFile section */
		2A016365191F163800DC5204 /* Foundation.framework in Frameworks */ = {isa = PBXBuildFile; fileRef = 2A016364191F163800DC5204 /* Foundation.framework */; };
		2A016367191F163800DC5204 /* CoreGraphics.framework in Frameworks */ = {isa = PBXBuildFile; fileRef = 2A016366191F163800DC5204 /* CoreGraphics.framework */; };
		2A016369191F163800DC5204 /* UIKit.framework in Frameworks */ = {isa = PBXBuildFile; fileRef = 2A016368191F163800DC5204 /* UIKit.framework */; };
		2A01636F191F163800DC5204 /* InfoPlist.strings in Resources */ = {isa = PBXBuildFile; fileRef = 2A01636D191F163800DC5204 /* InfoPlist.strings */; };
		2A016371191F163800DC5204 /* main.m in Sources */ = {isa = PBXBuildFile; fileRef = 2A016370191F163800DC5204 /* main.m */; };
		2A016375191F163800DC5204 /* SHAppDelegate.m in Sources */ = {isa = PBXBuildFile; fileRef = 2A016374191F163800DC5204 /* SHAppDelegate.m */; };
		2A016378191F163800DC5204 /* Main_iPhone.storyboard in Resources */ = {isa = PBXBuildFile; fileRef = 2A016376191F163800DC5204 /* Main_iPhone.storyboard */; };
		2A01637B191F163800DC5204 /* Main_iPad.storyboard in Resources */ = {isa = PBXBuildFile; fileRef = 2A016379191F163800DC5204 /* Main_iPad.storyboard */; };
		2A01637E191F163800DC5204 /* SHViewController.m in Sources */ = {isa = PBXBuildFile; fileRef = 2A01637D191F163800DC5204 /* SHViewController.m */; };
		2A016380191F163800DC5204 /* Images.xcassets in Resources */ = {isa = PBXBuildFile; fileRef = 2A01637F191F163800DC5204 /* Images.xcassets */; };
		2A016387191F163800DC5204 /* XCTest.framework in Frameworks */ = {isa = PBXBuildFile; fileRef = 2A016386191F163800DC5204 /* XCTest.framework */; };
		2A016388191F163800DC5204 /* Foundation.framework in Frameworks */ = {isa = PBXBuildFile; fileRef = 2A016364191F163800DC5204 /* Foundation.framework */; };
		2A016389191F163800DC5204 /* UIKit.framework in Frameworks */ = {isa = PBXBuildFile; fileRef = 2A016368191F163800DC5204 /* UIKit.framework */; };
		2A016391191F163800DC5204 /* InfoPlist.strings in Resources */ = {isa = PBXBuildFile; fileRef = 2A01638F191F163800DC5204 /* InfoPlist.strings */; };
		2A016393191F163800DC5204 /* ShiroitokoTests.m in Sources */ = {isa = PBXBuildFile; fileRef = 2A016392191F163800DC5204 /* ShiroitokoTests.m */; };
/* End PBXBuildFile section */

/* Begin PBXContainerItemProxy section */
		2A01638A191F163800DC5204 /* PBXContainerItemProxy */ = {
			isa = PBXContainerItemProxy;
			containerPortal = 2A016359191F163800DC5204 /* Project object */;
			proxyType = 1;
			remoteGlobalIDString = 2A016360191F163800DC5204;
			remoteInfo = Shiroitoko;
		};
/* End PBXContainerItemProxy section */

/* Begin PBXFileReference section */
		2A016361191F163800DC5204 /* Shiroitoko.app */ = {isa = PBXFileReference; explicitFileType = wrapper.application; includeInIndex = 0; path = Shiroitoko.app; sourceTree = BUILT_PRODUCTS_DIR; };
		2A016364191F163800DC5204 /* Foundation.framework */ = {isa = PBXFileReference; lastKnownFileType = wrapper.framework; name = Foundation.framework; path = System/Library/Frameworks/Foundation.framework; sourceTree = SDKROOT; };
		2A016366191F163800DC5204 /* CoreGraphics.framework */ = {isa = PBXFileReference; lastKnownFileType = wrapper.framework; name = CoreGraphics.framework; path = System/Library/Frameworks/CoreGraphics.framework; sourceTree = SDKROOT; };
		2A016368191F163800DC5204 /* UIKit.framework */ = {isa = PBXFileReference; lastKnownFileType = wrapper.framework; name = UIKit.framework; path = System/Library/Frameworks/UIKit.framework; sourceTree = SDKROOT; };
		2A01636C191F163800DC5204 /* Shiroitoko-Info.plist */ = {isa = PBXFileReference; lastKnownFileType = text.plist.xml; path = "Shiroitoko-Info.plist"; sourceTree = "<group>"; };
		2A01636E191F163800DC5204 /* en */ = {isa = PBXFileReference; lastKnownFileType = text.plist.strings; name = en; path = en.lproj/InfoPlist.strings; sourceTree = "<group>"; };
		2A016370191F163800DC5204 /* main.m */ = {isa = PBXFileReference; lastKnownFileType = sourcecode.c.objc; path = main.m; sourceTree = "<group>"; };
		2A016372191F163800DC5204 /* Shiroitoko-Prefix.pch */ = {isa = PBXFileReference; lastKnownFileType = sourcecode.c.h; path = "Shiroitoko-Prefix.pch"; sourceTree = "<group>"; };
		2A016373191F163800DC5204 /* SHAppDelegate.h */ = {isa = PBXFileReference; lastKnownFileType = sourcecode.c.h; path = SHAppDelegate.h; sourceTree = "<group>"; };
		2A016374191F163800DC5204 /* SHAppDelegate.m */ = {isa = PBXFileReference; lastKnownFileType = sourcecode.c.objc; path = SHAppDelegate.m; sourceTree = "<group>"; };
		2A016377191F163800DC5204 /* Base */ = {isa = PBXFileReference; lastKnownFileType = file.storyboard; name = Base; path = Base.lproj/Main_iPhone.storyboard; sourceTree = "<group>"; };
		2A01637A191F163800DC5204 /* Base */ = {isa = PBXFileReference; lastKnownFileType = file.storyboard; name = Base; path = Base.lproj/Main_iPad.storyboard; sourceTree = "<group>"; };
		2A01637C191F163800DC5204 /* SHViewController.h */ = {isa = PBXFileReference; lastKnownFileType = sourcecode.c.h; path = SHViewController.h; sourceTree = "<group>"; };
		2A01637D191F163800DC5204 /* SHViewController.m */ = {isa = PBXFileReference; lastKnownFileType = sourcecode.c.objc; path = SHViewController.m; sourceTree = "<group>"; };
		2A01637F191F163800DC5204 /* Images.xcassets */ = {isa = PBXFileReference; lastKnownFileType = folder.assetcatalog; path = Images.xcassets; sourceTree = "<group>"; };
		2A016385191F163800DC5204 /* ShiroitokoTests.xctest */ = {isa = PBXFileReference; explicitFileType = wrapper.cfbundle; includeInIndex = 0; path = ShiroitokoTests.xctest; sourceTree = BUILT_PRODUCTS_DIR; };
		2A016386191F163800DC5204 /* XCTest.framework */ = {isa = PBXFileReference; lastKnownFileType = wrapper.framework; name = XCTest.framework; path = Library/Frameworks/XCTest.framework; sourceTree = DEVELOPER_DIR; };
		2A01638E191F163800DC5204 /* ShiroitokoTests-Info.plist */ = {isa = PBXFileReference; lastKnownFileType = text.plist.xml; path = "ShiroitokoTests-Info.plist"; sourceTree = "<group>"; };
		2A016390191F163800DC5204 /* en */ = {isa = PBXFileReference; lastKnownFileType = text.plist.strings; name = en; path = en.lproj/InfoPlist.strings; sourceTree = "<group>"; };
		2A016392191F163800DC5204 /* ShiroitokoTests.m */ = {isa = PBXFileReference; lastKnownFileType = sourcecode.c.objc; path = ShiroitokoTests.m; sourceTree = "<group>"; };
/* End PBXFileReference section */

/* Begin PBXFrameworksBuildPhase section */
		2A01635E191F163800DC5204 /* Frameworks */ = {
			isa = PBXFrameworksBuildPhase;
			buildActionMask = 2147483647;
			files = (
				2A016367191F163800DC5204 /* CoreGraphics.framework in Frameworks */,
				2A016369191F163800DC5204 /* UIKit.framework in Frameworks */,
				2A016365191F163800DC5204 /* Foundation.framework in Frameworks */,
			);
			runOnlyForDeploymentPostprocessing = 0;
		};
		2A016382191F163800DC5204 /* Frameworks */ = {
			isa = PBXFrameworksBuildPhase;
			buildActionMask = 2147483647;
			files = (
				2A016387191F163800DC5204 /* XCTest.framework in Frameworks */,
				2A016389191F163800DC5204 /* UIKit.framework in Frameworks */,
				2A016388191F163800DC5204 /* Foundation.framework in Frameworks */,
			);
			runOnlyForDeploymentPostprocessing = 0;
		};
/* End PBXFrameworksBuildPhase section */

/* Begin PBXGroup section */
		2A016358191F163800DC5204 = {
			isa = PBXGroup;
			children = (
				2A01636A191F163800DC5204 /* Shiroitoko */,
				2A01638C191F163800DC5204 /* ShiroitokoTests */,
				2A016363191F163800DC5204 /* Frameworks */,
				2A016362191F163800DC5204 /* Products */,
			);
			sourceTree = "<group>";
		};
		2A016362191F163800DC5204 /* Products */ = {
			isa = PBXGroup;
			children = (
				2A016361191F163800DC5204 /* Shiroitoko.app */,
				2A016385191F163800DC5204 /* ShiroitokoTests.xctest */,
			);
			name = Products;
			sourceTree = "<group>";
		};
		2A016363191F163800DC5204 /* Frameworks */ = {
			isa = PBXGroup;
			children = (
				2A016364191F163800DC5204 /* Foundation.framework */,
				2A016366191F163800DC5204 /* CoreGraphics.framework */,
				2A016368191F163800DC5204 /* UIKit.framework */,
				2A016386191F163800DC5204 /* XCTest.framework */,
			);
			name = Frameworks;
			sourceTree = "<group>";
		};
		2A01636A191F163800DC5204 /* Shiroitoko */ = {
			isa = PBXGroup;
			children = (
				2A016373191F163800DC5204 /* SHAppDelegate.h */,
				2A016374191F163800DC5204 /* SHAppDelegate.m */,
				2A016376191F163800DC5204 /* Main_iPhone.storyboard */,
				2A016379191F163800DC5204 /* Main_iPad.storyboard */,
				2A01637C191F163800DC5204 /* SHViewController.h */,
				2A01637D191F163800DC5204 /* SHViewController.m */,
				2A01637F191F163800DC5204 /* Images.xcassets */,
				2A01636B191F163800DC5204 /* Supporting Files */,
			);
			path = Shiroitoko;
			sourceTree = "<group>";
		};
		2A01636B191F163800DC5204 /* Supporting Files */ = {
			isa = PBXGroup;
			children = (
				2A01636C191F163800DC5204 /* Shiroitoko-Info.plist */,
				2A01636D191F163800DC5204 /* InfoPlist.strings */,
				2A016370191F163800DC5204 /* main.m */,
				2A016372191F163800DC5204 /* Shiroitoko-Prefix.pch */,
			);
			name = "Supporting Files";
			sourceTree = "<group>";
		};
		2A01638C191F163800DC5204 /* ShiroitokoTests */ = {
			isa = PBXGroup;
			children = (
				2A016392191F163800DC5204 /* ShiroitokoTests.m */,
				2A01638D191F163800DC5204 /* Supporting Files */,
			);
			path = ShiroitokoTests;
			sourceTree = "<group>";
		};
		2A01638D191F163800DC5204 /* Supporting Files */ = {
			isa = PBXGroup;
			children = (
				2A01638E191F163800DC5204 /* ShiroitokoTests-Info.plist */,
				2A01638F191F163800DC5204 /* InfoPlist.strings */,
			);
			name = "Supporting Files";
			sourceTree = "<group>";
		};
/* End PBXGroup section */

/* Begin PBXNativeTarget section */
		2A016360191F163800DC5204 /* Shiroitoko */ = {
			isa = PBXNativeTarget;
			buildConfigurationList = 2A016396191F163800DC5204 /* Build configuration list for PBXNativeTarget "Shiroitoko" */;
			buildPhases = (
				2A01635D191F163800DC5204 /* Sources */,
				2A01635E191F163800DC5204 /* Frameworks */,
				2A01635F191F163800DC5204 /* Resources */,
			);
			buildRules = (
			);
			dependencies = (
			);
			name = Shiroitoko;
			productName = Shiroitoko;
			productReference = 2A016361191F163800DC5204 /* Shiroitoko.app */;
			productType = "com.apple.product-type.application";
		};
		2A016384191F163800DC5204 /* ShiroitokoTests */ = {
			isa = PBXNativeTarget;
			buildConfigurationList = 2A016399191F163800DC5204 /* Build configuration list for PBXNativeTarget "ShiroitokoTests" */;
			buildPhases = (
				2A016381191F163800DC5204 /* Sources */,
				2A016382191F163800DC5204 /* Frameworks */,
				2A016383191F163800DC5204 /* Resources */,
			);
			buildRules = (
			);
			dependencies = (
				2A01638B191F163800DC5204 /* PBXTargetDependency */,
			);
			name = ShiroitokoTests;
			productName = ShiroitokoTests;
			productReference = 2A016385191F163800DC5204 /* ShiroitokoTests.xctest */;
			productType = "com.apple.product-type.bundle.unit-test";
		};
/* End PBXNativeTarget section */

/* Begin PBXProject section */
		2A016359191F163800DC5204 /* Project object */ = {
			isa = PBXProject;
			attributes = {
				CLASSPREFIX = SH;
				LastUpgradeCheck = 0510;
				ORGANIZATIONNAME = tsuyoshi;
				TargetAttributes = {
					2A016384191F163800DC5204 = {
						TestTargetID = 2A016360191F163800DC5204;
					};
				};
			};
			buildConfigurationList = 2A01635C191F163800DC5204 /* Build configuration list for PBXProject "Shiroitoko" */;
			compatibilityVersion = "Xcode 3.2";
			developmentRegion = English;
			hasScannedForEncodings = 0;
			knownRegions = (
				en,
				Base,
			);
			mainGroup = 2A016358191F163800DC5204;
			productRefGroup = 2A016362191F163800DC5204 /* Products */;
			projectDirPath = "";
			projectRoot = "";
			targets = (
				2A016360191F163800DC5204 /* Shiroitoko */,
				2A016384191F163800DC5204 /* ShiroitokoTests */,
			);
		};
/* End PBXProject section */

/* Begin PBXResourcesBuildPhase section */
		2A01635F191F163800DC5204 /* Resources */ = {
			isa = PBXResourcesBuildPhase;
			buildActionMask = 2147483647;
			files = (
				2A01637B191F163800DC5204 /* Main_iPad.storyboard in Resources */,
				2A016380191F163800DC5204 /* Images.xcassets in Resources */,
				2A016378191F163800DC5204 /* Main_iPhone.storyboard in Resources */,
				2A01636F191F163800DC5204 /* InfoPlist.strings in Resources */,
			);
			runOnlyForDeploymentPostprocessing = 0;
		};
		2A016383191F163800DC5204 /* Resources */ = {
			isa = PBXResourcesBuildPhase;
			buildActionMask = 2147483647;
			files = (
				2A016391191F163800DC5204 /* InfoPlist.strings in Resources */,
			);
			runOnlyForDeploymentPostprocessing = 0;
		};
/* End PBXResourcesBuildPhase section */

/* Begin PBXSourcesBuildPhase section */
		2A01635D191F163800DC5204 /* Sources */ = {
			isa = PBXSourcesBuildPhase;
			buildActionMask = 2147483647;
			files = (
				2A016371191F163800DC5204 /* main.m in Sources */,
				2A01637E191F163800DC5204 /* SHViewController.m in Sources */,
				2A016375191F163800DC5204 /* SHAppDelegate.m in Sources */,
			);
			runOnlyForDeploymentPostprocessing = 0;
		};
		2A016381191F163800DC5204 /* Sources */ = {
			isa = PBXSourcesBuildPhase;
			buildActionMask = 2147483647;
			files = (
				2A016393191F163800DC5204 /* ShiroitokoTests.m in Sources */,
			);
			runOnlyForDeploymentPostprocessing = 0;
		};
/* End PBXSourcesBuildPhase section */

/* Begin PBXTargetDependency section */
		2A01638B191F163800DC5204 /* PBXTargetDependency */ = {
			isa = PBXTargetDependency;
			target = 2A016360191F163800DC5204 /* Shiroitoko */;
			targetProxy = 2A01638A191F163800DC5204 /* PBXContainerItemProxy */;
		};
/* End PBXTargetDependency section */

/* Begin PBXVariantGroup section */
		2A01636D191F163800DC5204 /* InfoPlist.strings */ = {
			isa = PBXVariantGroup;
			children = (
				2A01636E191F163800DC5204 /* en */,
			);
			name = InfoPlist.strings;
			sourceTree = "<group>";
		};
		2A016376191F163800DC5204 /* Main_iPhone.storyboard */ = {
			isa = PBXVariantGroup;
			children = (
				2A016377191F163800DC5204 /* Base */,
			);
			name = Main_iPhone.storyboard;
			sourceTree = "<group>";
		};
		2A016379191F163800DC5204 /* Main_iPad.storyboard */ = {
			isa = PBXVariantGroup;
			children = (
				2A01637A191F163800DC5204 /* Base */,
			);
			name = Main_iPad.storyboard;
			sourceTree = "<group>";
		};
		2A01638F191F163800DC5204 /* InfoPlist.strings */ = {
			isa = PBXVariantGroup;
			children = (
				2A016390191F163800DC5204 /* en */,
			);
			name = InfoPlist.strings;
			sourceTree = "<group>";
		};
/* End PBXVariantGroup section */

/* Begin XCBuildConfiguration section */
		2A016394191F163800DC5204 /* Debug */ = {
			isa = XCBuildConfiguration;
			buildSettings = {
				ALWAYS_SEARCH_USER_PATHS = NO;
				CLANG_CXX_LANGUAGE_STANDARD = "gnu++0x";
				CLANG_CXX_LIBRARY = "libc++";
				CLANG_ENABLE_MODULES = YES;
				CLANG_ENABLE_OBJC_ARC = YES;
				CLANG_WARN_BOOL_CONVERSION = YES;
				CLANG_WARN_CONSTANT_CONVERSION = YES;
				CLANG_WARN_DIRECT_OBJC_ISA_USAGE = YES_ERROR;
				CLANG_WARN_EMPTY_BODY = YES;
				CLANG_WARN_ENUM_CONVERSION = YES;
				CLANG_WARN_INT_CONVERSION = YES;
				CLANG_WARN_OBJC_ROOT_CLASS = YES_ERROR;
				CLANG_WARN__DUPLICATE_METHOD_MATCH = YES;
				"CODE_SIGN_IDENTITY[sdk=iphoneos*]" = "iPhone Developer";
				COPY_PHASE_STRIP = NO;
				GCC_C_LANGUAGE_STANDARD = gnu99;
				GCC_DYNAMIC_NO_PIC = NO;
				GCC_OPTIMIZATION_LEVEL = 0;
				GCC_PREPROCESSOR_DEFINITIONS = (
					"DEBUG=1",
					"$(inherited)",
				);
				GCC_SYMBOLS_PRIVATE_EXTERN = NO;
				GCC_WARN_64_TO_32_BIT_CONVERSION = YES;
				GCC_WARN_ABOUT_RETURN_TYPE = YES_ERROR;
				GCC_WARN_UNDECLARED_SELECTOR = YES;
				GCC_WARN_UNINITIALIZED_AUTOS = YES_AGGRESSIVE;
				GCC_WARN_UNUSED_FUNCTION = YES;
				GCC_WARN_UNUSED_VARIABLE = YES;
				IPHONEOS_DEPLOYMENT_TARGET = 7.1;
				ONLY_ACTIVE_ARCH = YES;
				SDKROOT = iphoneos;
				TARGETED_DEVICE_FAMILY = "1,2";
			};
			name = Debug;
		};
		2A016395191F163800DC5204 /* Release */ = {
			isa = XCBuildConfiguration;
			buildSettings = {
				ALWAYS_SEARCH_USER_PATHS = NO;
				CLANG_CXX_LANGUAGE_STANDARD = "gnu++0x";
				CLANG_CXX_LIBRARY = "libc++";
				CLANG_ENABLE_MODULES = YES;
				CLANG_ENABLE_OBJC_ARC = YES;
				CLANG_WARN_BOOL_CONVERSION = YES;
				CLANG_WARN_CONSTANT_CONVERSION = YES;
				CLANG_WARN_DIRECT_OBJC_ISA_USAGE = YES_ERROR;
				CLANG_WARN_EMPTY_BODY = YES;
				CLANG_WARN_ENUM_CONVERSION = YES;
				CLANG_WARN_INT_CONVERSION = YES;
				CLANG_WARN_OBJC_ROOT_CLASS = YES_ERROR;
				CLANG_WARN__DUPLICATE_METHOD_MATCH = YES;
				"CODE_SIGN_IDENTITY[sdk=iphoneos*]" = "iPhone Developer";
				COPY_PHASE_STRIP = YES;
				ENABLE_NS_ASSERTIONS = NO;
				GCC_C_LANGUAGE_STANDARD = gnu99;
				GCC_WARN_64_TO_32_BIT_CONVERSION = YES;
				GCC_WARN_ABOUT_RETURN_TYPE = YES_ERROR;
				GCC_WARN_UNDECLARED_SELECTOR = YES;
				GCC_WARN_UNINITIALIZED_AUTOS = YES_AGGRESSIVE;
				GCC_WARN_UNUSED_FUNCTION = YES;
				GCC_WARN_UNUSED_VARIABLE = YES;
				IPHONEOS_DEPLOYMENT_TARGET = 7.1;
				SDKROOT = iphoneos;
				TARGETED_DEVICE_FAMILY = "1,2";
				VALIDATE_PRODUCT = YES;
			};
			name = Release;
		};
		2A016397191F163800DC5204 /* Debug */ = {
			isa = XCBuildConfiguration;
			buildSettings = {
				ASSETCATALOG_COMPILER_APPICON_NAME = AppIcon;
				ASSETCATALOG_COMPILER_LAUNCHIMAGE_NAME = LaunchImage;
				GCC_PRECOMPILE_PREFIX_HEADER = YES;
				GCC_PREFIX_HEADER = "Shiroitoko/Shiroitoko-Prefix.pch";
				INFOPLIST_FILE = "Shiroitoko/Shiroitoko-Info.plist";
				PRODUCT_NAME = "$(TARGET_NAME)";
				WRAPPER_EXTENSION = app;
			};
			name = Debug;
		};
		2A016398191F163800DC5204 /* Release */ = {
			isa = XCBuildConfiguration;
			buildSettings = {
				ASSETCATALOG_COMPILER_APPICON_NAME = AppIcon;
				ASSETCATALOG_COMPILER_LAUNCHIMAGE_NAME = LaunchImage;
				GCC_PRECOMPILE_PREFIX_HEADER = YES;
				GCC_PREFIX_HEADER = "Shiroitoko/Shiroitoko-Prefix.pch";
				INFOPLIST_FILE = "Shiroitoko/Shiroitoko-Info.plist";
				PRODUCT_NAME = "$(TARGET_NAME)";
				WRAPPER_EXTENSION = app;
			};
			name = Release;
		};
		2A01639A191F163800DC5204 /* Debug */ = {
			isa = XCBuildConfiguration;
			buildSettings = {
				BUNDLE_LOADER = "$(BUILT_PRODUCTS_DIR)/Shiroitoko.app/Shiroitoko";
				FRAMEWORK_SEARCH_PATHS = (
					"$(SDKROOT)/Developer/Library/Frameworks",
					"$(inherited)",
					"$(DEVELOPER_FRAMEWORKS_DIR)",
				);
				GCC_PRECOMPILE_PREFIX_HEADER = YES;
				GCC_PREFIX_HEADER = "Shiroitoko/Shiroitoko-Prefix.pch";
				GCC_PREPROCESSOR_DEFINITIONS = (
					"DEBUG=1",
					"$(inherited)",
				);
				INFOPLIST_FILE = "ShiroitokoTests/ShiroitokoTests-Info.plist";
				PRODUCT_NAME = "$(TARGET_NAME)";
				TEST_HOST = "$(BUNDLE_LOADER)";
				WRAPPER_EXTENSION = xctest;
			};
			name = Debug;
		};
		2A01639B191F163800DC5204 /* Release */ = {
			isa = XCBuildConfiguration;
			buildSettings = {
				BUNDLE_LOADER = "$(BUILT_PRODUCTS_DIR)/Shiroitoko.app/Shiroitoko";
				FRAMEWORK_SEARCH_PATHS = (
					"$(SDKROOT)/Developer/Library/Frameworks",
					"$(inherited)",
					"$(DEVELOPER_FRAMEWORKS_DIR)",
				);
				GCC_PRECOMPILE_PREFIX_HEADER = YES;
				GCC_PREFIX_HEADER = "Shiroitoko/Shiroitoko-Prefix.pch";
				INFOPLIST_FILE = "ShiroitokoTests/ShiroitokoTests-Info.plist";
				PRODUCT_NAME = "$(TARGET_NAME)";
				TEST_HOST = "$(BUNDLE_LOADER)";
				WRAPPER_EXTENSION = xctest;
			};
			name = Release;
		};
/* End XCBuildConfiguration section */

/* Begin XCConfigurationList section */
		2A01635C191F163800DC5204 /* Build configuration list for PBXProject "Shiroitoko" */ = {
			isa = XCConfigurationList;
			buildConfigurations = (
				2A016394191F163800DC5204 /* Debug */,
				2A016395191F163800DC5204 /* Release */,
			);
			defaultConfigurationIsVisible = 0;
			defaultConfigurationName = Release;
		};
		2A016396191F163800DC5204 /* Build configuration list for PBXNativeTarget "Shiroitoko" */ = {
			isa = XCConfigurationList;
			buildConfigurations = (
				2A016397191F163800DC5204 /* Debug */,
				2A016398191F163800DC5204 /* Release */,
			);
			defaultConfigurationIsVisible = 0;
		};
		2A016399191F163800DC5204 /* Build configuration list for PBXNativeTarget "ShiroitokoTests" */ = {
			isa = XCConfigurationList;
			buildConfigurations = (
				2A01639A191F163800DC5204 /* Debug */,
				2A01639B191F163800DC5204 /* Release */,
			);
			defaultConfigurationIsVisible = 0;
		};
/* End XCConfigurationList section */
	};
	rootObject = 2A016359191F163800DC5204 /* Project object */;
}
